// !$*UTF8*$!
{
	archiveVersion = 1;
	classes = {
	};
	objectVersion = 42;
	objects = {

/* Begin PBXBuildFile section */
		002F39FA09D0881F00EBEB88 /* SDL.framework in Frameworks */ = {isa = PBXBuildFile; fileRef = 002F39F909D0881F00EBEB88 /* SDL.framework */; };
		002F3A0009D0884600EBEB88 /* SDL.framework in Copy Frameworks into .app bundle */ = {isa = PBXBuildFile; fileRef = 002F39F909D0881F00EBEB88 /* SDL.framework */; };
		002F3A2E09D0888800EBEB88 /* SDLMain.m in Sources */ = {isa = PBXBuildFile; fileRef = 002F3A2C09D0888800EBEB88 /* SDLMain.m */; };
		002F3A3F09D088BA00EBEB88 /* main.cpp in Sources */ = {isa = PBXBuildFile; fileRef = 002F3A3E09D088BA00EBEB88 /* main.cpp */; };
		002F3C0109D093BD00EBEB88 /* OpenGL.framework in Frameworks */ = {isa = PBXBuildFile; fileRef = 002F3C0009D093BD00EBEB88 /* OpenGL.framework */; };
		002F3C6109D0951E00EBEB88 /* GLUT.framework in Frameworks */ = {isa = PBXBuildFile; fileRef = 002F3C6009D0951E00EBEB88 /* GLUT.framework */; };
		8D11072B0486CEB800E47090 /* InfoPlist.strings in Resources */ = {isa = PBXBuildFile; fileRef = 089C165CFE840E0CC02AAC07 /* InfoPlist.strings */; };
		8D11072F0486CEB800E47090 /* Cocoa.framework in Frameworks */ = {isa = PBXBuildFile; fileRef = 1058C7A1FEA54F0111CA2CBB /* Cocoa.framework */; };
		B01DDEE811458FB400D9ADC0 /* Image.cpp in Sources */ = {isa = PBXBuildFile; fileRef = B01DDEE711458FB400D9ADC0 /* Image.cpp */; };
		B01DDF10114591F200D9ADC0 /* SDL_image.framework in Frameworks */ = {isa = PBXBuildFile; fileRef = B01DDF0F114591F200D9ADC0 /* SDL_image.framework */; };
		B09C3A9E1146D8450060C078 /* Block.cpp in Sources */ = {isa = PBXBuildFile; fileRef = B09C3A9D1146D8450060C078 /* Block.cpp */; };
		B09C3BB41146ED490060C078 /* Audio.cpp in Sources */ = {isa = PBXBuildFile; fileRef = B09C3BB31146ED490060C078 /* Audio.cpp */; };
		B09C3C001146F1540060C078 /* SDL_mixer.framework in Frameworks */ = {isa = PBXBuildFile; fileRef = B09C3BFF1146F1540060C078 /* SDL_mixer.framework */; };
		B09C3CF01146FDD50060C078 /* Animation.cpp in Sources */ = {isa = PBXBuildFile; fileRef = B09C3CEF1146FDD50060C078 /* Animation.cpp */; };
		B09C3D081146FE420060C078 /* Timer.cpp in Sources */ = {isa = PBXBuildFile; fileRef = B09C3D071146FE420060C078 /* Timer.cpp */; };
		B09C40F9114DCC090060C078 /* AnimationComponent.cpp in Sources */ = {isa = PBXBuildFile; fileRef = B09C40F8114DCC090060C078 /* AnimationComponent.cpp */; };
		B0A6A69B1145E554006D6AA6 /* Component.cpp in Sources */ = {isa = PBXBuildFile; fileRef = B0A6A69A1145E554006D6AA6 /* Component.cpp */; };
		B0A6A6A11145E600006D6AA6 /* BasicPhysicsComponent.cpp in Sources */ = {isa = PBXBuildFile; fileRef = B0A6A6A01145E600006D6AA6 /* BasicPhysicsComponent.cpp */; };
		B0A6A7591145F646006D6AA6 /* IO.cpp in Sources */ = {isa = PBXBuildFile; fileRef = B0A6A7581145F646006D6AA6 /* IO.cpp */; };
		B0A6AA8C1146A87E006D6AA6 /* Vector2d.cpp in Sources */ = {isa = PBXBuildFile; fileRef = B0A6AA8B1146A87E006D6AA6 /* Vector2d.cpp */; };
		B0A6AB761146AEE4006D6AA6 /* PhysicsComponent.cpp in Sources */ = {isa = PBXBuildFile; fileRef = B0A6AB751146AEE4006D6AA6 /* PhysicsComponent.cpp */; };
		B0A6AC561146B3FC006D6AA6 /* Logger.cpp in Sources */ = {isa = PBXBuildFile; fileRef = B0A6AC551146B3FC006D6AA6 /* Logger.cpp */; };
		B0DBC1511145C5CD00855C81 /* Player.cpp in Sources */ = {isa = PBXBuildFile; fileRef = B0DBC1501145C5CD00855C81 /* Player.cpp */; };
		B0DBC1541145C64300855C81 /* Sprite.cpp in Sources */ = {isa = PBXBuildFile; fileRef = B0DBC1531145C64300855C81 /* Sprite.cpp */; };
		B0DBC20E1145CACE00855C81 /* Layer.cpp in Sources */ = {isa = PBXBuildFile; fileRef = B0DBC20D1145CACE00855C81 /* Layer.cpp */; };
		B0DEAE721145AAEE007C582B /* Game.cpp in Sources */ = {isa = PBXBuildFile; fileRef = B0DEAE711145AAEE007C582B /* Game.cpp */; };
		B0DEAEE81145B26E007C582B /* State.cpp in Sources */ = {isa = PBXBuildFile; fileRef = B0DEAEE71145B26E007C582B /* State.cpp */; };
		B0DEAEF01145B7E3007C582B /* PlayState.cpp in Sources */ = {isa = PBXBuildFile; fileRef = B0DEAEEF1145B7E3007C582B /* PlayState.cpp */; };
/* End PBXBuildFile section */

/* Begin PBXCopyFilesBuildPhase section */
		002F39FD09D0883400EBEB88 /* Copy Frameworks into .app bundle */ = {
			isa = PBXCopyFilesBuildPhase;
			buildActionMask = 2147483647;
			dstPath = "";
			dstSubfolderSpec = 10;
			files = (
				002F3A0009D0884600EBEB88 /* SDL.framework in Copy Frameworks into .app bundle */,
			);
			name = "Copy Frameworks into .app bundle";
			runOnlyForDeploymentPostprocessing = 0;
		};
/* End PBXCopyFilesBuildPhase section */

/* Begin PBXFileReference section */
		002F39F909D0881F00EBEB88 /* SDL.framework */ = {isa = PBXFileReference; lastKnownFileType = wrapper.framework; name = SDL.framework; path = /Library/Frameworks/SDL.framework; sourceTree = "<absolute>"; };
		002F3A2B09D0888800EBEB88 /* SDLMain.h */ = {isa = PBXFileReference; fileEncoding = 30; lastKnownFileType = sourcecode.c.h; path = SDLMain.h; sourceTree = SOURCE_ROOT; };
		002F3A2C09D0888800EBEB88 /* SDLMain.m */ = {isa = PBXFileReference; fileEncoding = 30; lastKnownFileType = sourcecode.c.objc; path = SDLMain.m; sourceTree = SOURCE_ROOT; };
		002F3A3E09D088BA00EBEB88 /* main.cpp */ = {isa = PBXFileReference; fileEncoding = 30; lastKnownFileType = sourcecode.cpp.cpp; path = main.cpp; sourceTree = "<group>"; };
		002F3C0009D093BD00EBEB88 /* OpenGL.framework */ = {isa = PBXFileReference; lastKnownFileType = wrapper.framework; name = OpenGL.framework; path = /System/Library/Frameworks/OpenGL.framework; sourceTree = "<absolute>"; };
		002F3C6009D0951E00EBEB88 /* GLUT.framework */ = {isa = PBXFileReference; lastKnownFileType = wrapper.framework; name = GLUT.framework; path = ../../../../../../../../../../System/Library/Frameworks/GLUT.framework; sourceTree = SOURCE_ROOT; };
		089C165DFE840E0CC02AAC07 /* English */ = {isa = PBXFileReference; fileEncoding = 10; lastKnownFileType = text.plist.strings; name = English; path = English.lproj/InfoPlist.strings; sourceTree = "<group>"; };
		1058C7A1FEA54F0111CA2CBB /* Cocoa.framework */ = {isa = PBXFileReference; lastKnownFileType = wrapper.framework; name = Cocoa.framework; path = /System/Library/Frameworks/Cocoa.framework; sourceTree = "<absolute>"; };
		29B97324FDCFA39411CA2CEA /* AppKit.framework */ = {isa = PBXFileReference; lastKnownFileType = wrapper.framework; name = AppKit.framework; path = /System/Library/Frameworks/AppKit.framework; sourceTree = "<absolute>"; };
		29B97325FDCFA39411CA2CEA /* Foundation.framework */ = {isa = PBXFileReference; lastKnownFileType = wrapper.framework; name = Foundation.framework; path = /System/Library/Frameworks/Foundation.framework; sourceTree = "<absolute>"; };
		8D1107310486CEB800E47090 /* Info.plist */ = {isa = PBXFileReference; fileEncoding = 4; lastKnownFileType = text.plist; path = Info.plist; sourceTree = "<group>"; };
		8D1107320486CEB800E47090 /* SDL OpenGL.app */ = {isa = PBXFileReference; explicitFileType = wrapper.application; includeInIndex = 0; path = "SDL OpenGL.app"; sourceTree = BUILT_PRODUCTS_DIR; };
		B01DDEE611458FB400D9ADC0 /* Image.h */ = {isa = PBXFileReference; fileEncoding = 4; lastKnownFileType = sourcecode.c.h; path = Image.h; sourceTree = "<group>"; };
		B01DDEE711458FB400D9ADC0 /* Image.cpp */ = {isa = PBXFileReference; fileEncoding = 4; lastKnownFileType = sourcecode.cpp.cpp; path = Image.cpp; sourceTree = "<group>"; };
		B01DDF0F114591F200D9ADC0 /* SDL_image.framework */ = {isa = PBXFileReference; lastKnownFileType = wrapper.framework; name = SDL_image.framework; path = /Library/Frameworks/SDL_image.framework; sourceTree = "<absolute>"; };
		B09C3A9C1146D8450060C078 /* Block.h */ = {isa = PBXFileReference; fileEncoding = 4; lastKnownFileType = sourcecode.c.h; path = Block.h; sourceTree = "<group>"; };
		B09C3A9D1146D8450060C078 /* Block.cpp */ = {isa = PBXFileReference; fileEncoding = 4; lastKnownFileType = sourcecode.cpp.cpp; path = Block.cpp; sourceTree = "<group>"; };
		B09C3BB21146ED490060C078 /* Audio.h */ = {isa = PBXFileReference; fileEncoding = 4; lastKnownFileType = sourcecode.c.h; path = Audio.h; sourceTree = "<group>"; };
		B09C3BB31146ED490060C078 /* Audio.cpp */ = {isa = PBXFileReference; fileEncoding = 4; lastKnownFileType = sourcecode.cpp.cpp; path = Audio.cpp; sourceTree = "<group>"; };
		B09C3BFF1146F1540060C078 /* SDL_mixer.framework */ = {isa = PBXFileReference; lastKnownFileType = wrapper.framework; name = SDL_mixer.framework; path = /Library/Frameworks/SDL_mixer.framework; sourceTree = "<absolute>"; };
		B09C3CEE1146FDD50060C078 /* Animation.h */ = {isa = PBXFileReference; fileEncoding = 4; lastKnownFileType = sourcecode.c.h; path = Animation.h; sourceTree = "<group>"; };
		B09C3CEF1146FDD50060C078 /* Animation.cpp */ = {isa = PBXFileReference; fileEncoding = 4; lastKnownFileType = sourcecode.cpp.cpp; path = Animation.cpp; sourceTree = "<group>"; };
		B09C3D061146FE420060C078 /* Timer.h */ = {isa = PBXFileReference; fileEncoding = 4; lastKnownFileType = sourcecode.c.h; path = Timer.h; sourceTree = "<group>"; };
		B09C3D071146FE420060C078 /* Timer.cpp */ = {isa = PBXFileReference; fileEncoding = 4; lastKnownFileType = sourcecode.cpp.cpp; path = Timer.cpp; sourceTree = "<group>"; };
		B09C40F7114DCC090060C078 /* AnimationComponent.h */ = {isa = PBXFileReference; fileEncoding = 4; lastKnownFileType = sourcecode.c.h; path = AnimationComponent.h; sourceTree = "<group>"; };
		B09C40F8114DCC090060C078 /* AnimationComponent.cpp */ = {isa = PBXFileReference; fileEncoding = 4; lastKnownFileType = sourcecode.cpp.cpp; path = AnimationComponent.cpp; sourceTree = "<group>"; };
		B0A6A6991145E554006D6AA6 /* Component.h */ = {isa = PBXFileReference; fileEncoding = 4; lastKnownFileType = sourcecode.c.h; path = Component.h; sourceTree = "<group>"; };
		B0A6A69A1145E554006D6AA6 /* Component.cpp */ = {isa = PBXFileReference; fileEncoding = 4; lastKnownFileType = sourcecode.cpp.cpp; path = Component.cpp; sourceTree = "<group>"; };
		B0A6A69F1145E600006D6AA6 /* BasicPhysicsComponent.h */ = {isa = PBXFileReference; fileEncoding = 4; lastKnownFileType = sourcecode.c.h; path = BasicPhysicsComponent.h; sourceTree = "<group>"; };
		B0A6A6A01145E600006D6AA6 /* BasicPhysicsComponent.cpp */ = {isa = PBXFileReference; fileEncoding = 4; lastKnownFileType = sourcecode.cpp.cpp; path = BasicPhysicsComponent.cpp; sourceTree = "<group>"; };
		B0A6A7571145F646006D6AA6 /* IO.h */ = {isa = PBXFileReference; fileEncoding = 4; lastKnownFileType = sourcecode.c.h; path = IO.h; sourceTree = "<group>"; };
		B0A6A7581145F646006D6AA6 /* IO.cpp */ = {isa = PBXFileReference; fileEncoding = 4; lastKnownFileType = sourcecode.cpp.cpp; path = IO.cpp; sourceTree = "<group>"; };
		B0A6AA8A1146A87E006D6AA6 /* Vector2d.h */ = {isa = PBXFileReference; fileEncoding = 4; lastKnownFileType = sourcecode.c.h; path = Vector2d.h; sourceTree = "<group>"; };
		B0A6AA8B1146A87E006D6AA6 /* Vector2d.cpp */ = {isa = PBXFileReference; fileEncoding = 4; lastKnownFileType = sourcecode.cpp.cpp; path = Vector2d.cpp; sourceTree = "<group>"; };
		B0A6AB741146AEE4006D6AA6 /* PhysicsComponent.h */ = {isa = PBXFileReference; fileEncoding = 4; lastKnownFileType = sourcecode.c.h; path = PhysicsComponent.h; sourceTree = "<group>"; };
		B0A6AB751146AEE4006D6AA6 /* PhysicsComponent.cpp */ = {isa = PBXFileReference; fileEncoding = 4; lastKnownFileType = sourcecode.cpp.cpp; path = PhysicsComponent.cpp; sourceTree = "<group>"; };
		B0A6AC541146B3FC006D6AA6 /* Logger.h */ = {isa = PBXFileReference; fileEncoding = 4; lastKnownFileType = sourcecode.c.h; path = Logger.h; sourceTree = "<group>"; };
		B0A6AC551146B3FC006D6AA6 /* Logger.cpp */ = {isa = PBXFileReference; fileEncoding = 4; lastKnownFileType = sourcecode.cpp.cpp; path = Logger.cpp; sourceTree = "<group>"; };
		B0DBC14F1145C5CD00855C81 /* Player.h */ = {isa = PBXFileReference; fileEncoding = 4; lastKnownFileType = sourcecode.c.h; path = Player.h; sourceTree = "<group>"; };
		B0DBC1501145C5CD00855C81 /* Player.cpp */ = {isa = PBXFileReference; fileEncoding = 4; lastKnownFileType = sourcecode.cpp.cpp; path = Player.cpp; sourceTree = "<group>"; };
		B0DBC1521145C64300855C81 /* Sprite.h */ = {isa = PBXFileReference; fileEncoding = 4; lastKnownFileType = sourcecode.c.h; path = Sprite.h; sourceTree = "<group>"; };
		B0DBC1531145C64300855C81 /* Sprite.cpp */ = {isa = PBXFileReference; fileEncoding = 4; lastKnownFileType = sourcecode.cpp.cpp; path = Sprite.cpp; sourceTree = "<group>"; };
		B0DBC20C1145CACE00855C81 /* Layer.h */ = {isa = PBXFileReference; fileEncoding = 4; lastKnownFileType = sourcecode.c.h; path = Layer.h; sourceTree = "<group>"; };
		B0DBC20D1145CACE00855C81 /* Layer.cpp */ = {isa = PBXFileReference; fileEncoding = 4; lastKnownFileType = sourcecode.cpp.cpp; path = Layer.cpp; sourceTree = "<group>"; };
		B0DEAE701145AAEE007C582B /* Game.h */ = {isa = PBXFileReference; fileEncoding = 4; lastKnownFileType = sourcecode.c.h; path = Game.h; sourceTree = "<group>"; };
		B0DEAE711145AAEE007C582B /* Game.cpp */ = {isa = PBXFileReference; fileEncoding = 4; lastKnownFileType = sourcecode.cpp.cpp; path = Game.cpp; sourceTree = "<group>"; };
		B0DEAEE61145B26E007C582B /* State.h */ = {isa = PBXFileReference; fileEncoding = 4; lastKnownFileType = sourcecode.c.h; path = State.h; sourceTree = "<group>"; };
		B0DEAEE71145B26E007C582B /* State.cpp */ = {isa = PBXFileReference; fileEncoding = 4; lastKnownFileType = sourcecode.cpp.cpp; path = State.cpp; sourceTree = "<group>"; };
		B0DEAEEE1145B7E3007C582B /* PlayState.h */ = {isa = PBXFileReference; fileEncoding = 4; lastKnownFileType = sourcecode.c.h; path = PlayState.h; sourceTree = "<group>"; };
		B0DEAEEF1145B7E3007C582B /* PlayState.cpp */ = {isa = PBXFileReference; fileEncoding = 4; lastKnownFileType = sourcecode.cpp.cpp; path = PlayState.cpp; sourceTree = "<group>"; };
/* End PBXFileReference section */

/* Begin PBXFrameworksBuildPhase section */
		8D11072E0486CEB800E47090 /* Frameworks */ = {
			isa = PBXFrameworksBuildPhase;
			buildActionMask = 2147483647;
			files = (
				002F39FA09D0881F00EBEB88 /* SDL.framework in Frameworks */,
				002F3C6109D0951E00EBEB88 /* GLUT.framework in Frameworks */,
				8D11072F0486CEB800E47090 /* Cocoa.framework in Frameworks */,
				002F3C0109D093BD00EBEB88 /* OpenGL.framework in Frameworks */,
				B01DDF10114591F200D9ADC0 /* SDL_image.framework in Frameworks */,
				B09C3C001146F1540060C078 /* SDL_mixer.framework in Frameworks */,
			);
			runOnlyForDeploymentPostprocessing = 0;
		};
/* End PBXFrameworksBuildPhase section */

/* Begin PBXGroup section */
		080E96DDFE201D6D7F000001 /* Classes */ = {
			isa = PBXGroup;
			children = (
				002F3A2B09D0888800EBEB88 /* SDLMain.h */,
				002F3A2C09D0888800EBEB88 /* SDLMain.m */,
			);
			name = Classes;
			sourceTree = "<group>";
		};
		1058C7A0FEA54F0111CA2CBB /* Linked Frameworks */ = {
			isa = PBXGroup;
			children = (
				B09C3BFF1146F1540060C078 /* SDL_mixer.framework */,
				B01DDF0F114591F200D9ADC0 /* SDL_image.framework */,
				002F39F909D0881F00EBEB88 /* SDL.framework */,
				002F3C6009D0951E00EBEB88 /* GLUT.framework */,
				1058C7A1FEA54F0111CA2CBB /* Cocoa.framework */,
				002F3C0009D093BD00EBEB88 /* OpenGL.framework */,
			);
			name = "Linked Frameworks";
			sourceTree = "<group>";
		};
		1058C7A2FEA54F0111CA2CBB /* Other Frameworks */ = {
			isa = PBXGroup;
			children = (
				29B97324FDCFA39411CA2CEA /* AppKit.framework */,
				29B97325FDCFA39411CA2CEA /* Foundation.framework */,
			);
			name = "Other Frameworks";
			sourceTree = "<group>";
		};
		19C28FACFE9D520D11CA2CBB /* Products */ = {
			isa = PBXGroup;
			children = (
				8D1107320486CEB800E47090 /* SDL OpenGL.app */,
			);
			name = Products;
			sourceTree = "<group>";
		};
		29B97314FDCFA39411CA2CEA /* SDL OpenGL */ = {
			isa = PBXGroup;
			children = (
				080E96DDFE201D6D7F000001 /* Classes */,
				29B97315FDCFA39411CA2CEA /* Other Sources */,
				29B97317FDCFA39411CA2CEA /* Resources */,
				29B97323FDCFA39411CA2CEA /* Frameworks */,
				19C28FACFE9D520D11CA2CBB /* Products */,
			);
			name = "SDL OpenGL";
			sourceTree = "<group>";
		};
		29B97315FDCFA39411CA2CEA /* Other Sources */ = {
			isa = PBXGroup;
			children = (
				B0A6AD8C1146BAE6006D6AA6 /* Math */,
				B0A6A6981145E512006D6AA6 /* Components */,
				B0A6A6831145E3F6006D6AA6 /* Engine */,
				002F3A3E09D088BA00EBEB88 /* main.cpp */,
				B0DBC14F1145C5CD00855C81 /* Player.h */,
				B0DBC1501145C5CD00855C81 /* Player.cpp */,
				B0DEAEEE1145B7E3007C582B /* PlayState.h */,
				B0DEAEEF1145B7E3007C582B /* PlayState.cpp */,
				B09C3A9C1146D8450060C078 /* Block.h */,
				B09C3A9D1146D8450060C078 /* Block.cpp */,
			);
			name = "Other Sources";
			sourceTree = "<group>";
		};
		29B97317FDCFA39411CA2CEA /* Resources */ = {
			isa = PBXGroup;
			children = (
				8D1107310486CEB800E47090 /* Info.plist */,
				089C165CFE840E0CC02AAC07 /* InfoPlist.strings */,
			);
			name = Resources;
			sourceTree = "<group>";
		};
		29B97323FDCFA39411CA2CEA /* Frameworks */ = {
			isa = PBXGroup;
			children = (
				1058C7A0FEA54F0111CA2CBB /* Linked Frameworks */,
				1058C7A2FEA54F0111CA2CBB /* Other Frameworks */,
			);
			name = Frameworks;
			sourceTree = "<group>";
		};
		B0A6A6831145E3F6006D6AA6 /* Engine */ = {
			isa = PBXGroup;
			children = (
				B0DEAE701145AAEE007C582B /* Game.h */,
				B0DEAE711145AAEE007C582B /* Game.cpp */,
				B01DDEE611458FB400D9ADC0 /* Image.h */,
				B01DDEE711458FB400D9ADC0 /* Image.cpp */,
				B0DEAEE61145B26E007C582B /* State.h */,
				B0DEAEE71145B26E007C582B /* State.cpp */,
				B0DBC20C1145CACE00855C81 /* Layer.h */,
				B0DBC20D1145CACE00855C81 /* Layer.cpp */,
				B0DBC1521145C64300855C81 /* Sprite.h */,
				B0DBC1531145C64300855C81 /* Sprite.cpp */,
				B09C3CEE1146FDD50060C078 /* Animation.h */,
				B09C3CEF1146FDD50060C078 /* Animation.cpp */,
				B0A6A7571145F646006D6AA6 /* IO.h */,
				B0A6A7581145F646006D6AA6 /* IO.cpp */,
				B0A6AC541146B3FC006D6AA6 /* Logger.h */,
				B0A6AC551146B3FC006D6AA6 /* Logger.cpp */,
				B09C3BB21146ED490060C078 /* Audio.h */,
				B09C3BB31146ED490060C078 /* Audio.cpp */,
				B09C3D061146FE420060C078 /* Timer.h */,
				B09C3D071146FE420060C078 /* Timer.cpp */,
			);
			name = Engine;
			sourceTree = "<group>";
		};
		B0A6A6981145E512006D6AA6 /* Components */ = {
			isa = PBXGroup;
			children = (
				B0A6A6991145E554006D6AA6 /* Component.h */,
				B0A6A69A1145E554006D6AA6 /* Component.cpp */,
				B0A6A69F1145E600006D6AA6 /* BasicPhysicsComponent.h */,
				B0A6A6A01145E600006D6AA6 /* BasicPhysicsComponent.cpp */,
				B0A6AB741146AEE4006D6AA6 /* PhysicsComponent.h */,
				B0A6AB751146AEE4006D6AA6 /* PhysicsComponent.cpp */,
				B09C40F7114DCC090060C078 /* AnimationComponent.h */,
				B09C40F8114DCC090060C078 /* AnimationComponent.cpp */,
			);
			name = Components;
			sourceTree = "<group>";
		};
		B0A6AD8C1146BAE6006D6AA6 /* Math */ = {
			isa = PBXGroup;
			children = (
				B0A6AA8A1146A87E006D6AA6 /* Vector2d.h */,
				B0A6AA8B1146A87E006D6AA6 /* Vector2d.cpp */,
			);
			name = Math;
			sourceTree = "<group>";
		};
/* End PBXGroup section */

/* Begin PBXNativeTarget section */
		8D1107260486CEB800E47090 /* SDL OpenGL */ = {
			isa = PBXNativeTarget;
			buildConfigurationList = C01FCF4A08A954540054247B /* Build configuration list for PBXNativeTarget "SDL OpenGL" */;
			buildPhases = (
				8D1107290486CEB800E47090 /* Resources */,
				8D11072C0486CEB800E47090 /* Sources */,
				8D11072E0486CEB800E47090 /* Frameworks */,
				002F39FD09D0883400EBEB88 /* Copy Frameworks into .app bundle */,
			);
			buildRules = (
			);
			dependencies = (
			);
			name = "SDL OpenGL";
			productInstallPath = "$(HOME)/Applications";
			productName = "SDL OpenGL";
			productReference = 8D1107320486CEB800E47090 /* SDL OpenGL.app */;
			productType = "com.apple.product-type.application";
		};
/* End PBXNativeTarget section */

/* Begin PBXProject section */
		29B97313FDCFA39411CA2CEA /* Project object */ = {
			isa = PBXProject;
			buildConfigurationList = C01FCF4E08A954540054247B /* Build configuration list for PBXProject "SDL OpenGL" */;
			compatibilityVersion = "Xcode 2.4";
			hasScannedForEncodings = 1;
			mainGroup = 29B97314FDCFA39411CA2CEA /* SDL OpenGL */;
			projectDirPath = "";
			projectRoot = "";
			targets = (
				8D1107260486CEB800E47090 /* SDL OpenGL */,
			);
		};
/* End PBXProject section */

/* Begin PBXResourcesBuildPhase section */
		8D1107290486CEB800E47090 /* Resources */ = {
			isa = PBXResourcesBuildPhase;
			buildActionMask = 2147483647;
			files = (
				8D11072B0486CEB800E47090 /* InfoPlist.strings in Resources */,
			);
			runOnlyForDeploymentPostprocessing = 0;
		};
/* End PBXResourcesBuildPhase section */

/* Begin PBXSourcesBuildPhase section */
		8D11072C0486CEB800E47090 /* Sources */ = {
			isa = PBXSourcesBuildPhase;
			buildActionMask = 2147483647;
			files = (
				002F3A2E09D0888800EBEB88 /* SDLMain.m in Sources */,
				002F3A3F09D088BA00EBEB88 /* main.cpp in Sources */,
				B01DDEE811458FB400D9ADC0 /* Image.cpp in Sources */,
				B0DEAE721145AAEE007C582B /* Game.cpp in Sources */,
				B0DEAEE81145B26E007C582B /* State.cpp in Sources */,
				B0DEAEF01145B7E3007C582B /* PlayState.cpp in Sources */,
				B0DBC1511145C5CD00855C81 /* Player.cpp in Sources */,
				B0DBC1541145C64300855C81 /* Sprite.cpp in Sources */,
				B0DBC20E1145CACE00855C81 /* Layer.cpp in Sources */,
				B0A6A69B1145E554006D6AA6 /* Component.cpp in Sources */,
				B0A6A6A11145E600006D6AA6 /* BasicPhysicsComponent.cpp in Sources */,
				B0A6A7591145F646006D6AA6 /* IO.cpp in Sources */,
				B0A6AA8C1146A87E006D6AA6 /* Vector2d.cpp in Sources */,
				B0A6AB761146AEE4006D6AA6 /* PhysicsComponent.cpp in Sources */,
				B0A6AC561146B3FC006D6AA6 /* Logger.cpp in Sources */,
				B09C3A9E1146D8450060C078 /* Block.cpp in Sources */,
				B09C3BB41146ED490060C078 /* Audio.cpp in Sources */,
				B09C3CF01146FDD50060C078 /* Animation.cpp in Sources */,
				B09C3D081146FE420060C078 /* Timer.cpp in Sources */,
				B09C40F9114DCC090060C078 /* AnimationComponent.cpp in Sources */,
			);
			runOnlyForDeploymentPostprocessing = 0;
		};
/* End PBXSourcesBuildPhase section */

/* Begin PBXVariantGroup section */
		089C165CFE840E0CC02AAC07 /* InfoPlist.strings */ = {
			isa = PBXVariantGroup;
			children = (
				089C165DFE840E0CC02AAC07 /* English */,
			);
			name = InfoPlist.strings;
			sourceTree = "<group>";
		};
/* End PBXVariantGroup section */

/* Begin XCBuildConfiguration section */
		C01FCF4B08A954540054247B /* Debug */ = {
			isa = XCBuildConfiguration;
			buildSettings = {
				COPY_PHASE_STRIP = NO;
				GCC_DYNAMIC_NO_PIC = NO;
				GCC_ENABLE_FIX_AND_CONTINUE = YES;
				GCC_MODEL_TUNING = G5;
				GCC_OPTIMIZATION_LEVEL = 0;
				GCC_PRECOMPILE_PREFIX_HEADER = YES;
				GCC_PREFIX_HEADER = SDL_OpenGL_Prefix.pch;
				INFOPLIST_FILE = Info.plist;
				INSTALL_PATH = "$(HOME)/Applications";
				PRODUCT_NAME = "SDL OpenGL";
				WRAPPER_EXTENSION = app;
			};
			name = Debug;
		};
		C01FCF4C08A954540054247B /* Release */ = {
			isa = XCBuildConfiguration;
			buildSettings = {
				ARCHS = (
					ppc,
					i386,
				);
				GCC_GENERATE_DEBUGGING_SYMBOLS = NO;
				GCC_MODEL_TUNING = G5;
				GCC_PRECOMPILE_PREFIX_HEADER = YES;
				GCC_PREFIX_HEADER = SDL_OpenGL_Prefix.pch;
				INFOPLIST_FILE = Info.plist;
				INSTALL_PATH = "$(HOME)/Applications";
				PRODUCT_NAME = "SDL OpenGL";
				WRAPPER_EXTENSION = app;
			};
			name = Release;
		};
		C01FCF4F08A954540054247B /* Debug */ = {
			isa = XCBuildConfiguration;
			buildSettings = {
				ARCHS = "$(ARCHS_STANDARD_32_BIT_PRE_XCODE_3_1)";
				ARCHS_STANDARD_32_BIT_PRE_XCODE_3_1 = "ppc i386";
				FRAMEWORK_SEARCH_PATHS = (
					"$(HOME)/Library/Frameworks",
					/Library/Frameworks,
					"$(FRAMEWORK_SEARCH_PATHS)",
				);
				GCC_VERSION = 4.0;
				GCC_WARN_ABOUT_RETURN_TYPE = YES;
				GCC_WARN_UNUSED_VARIABLE = YES;
				HEADER_SEARCH_PATHS = (
					"$(HOME)/Library/Frameworks/SDL.framework/Headers",
					/Library/Frameworks/SDL.framework/Headers,
					"$(HEADER_SEARCH_PATHS)",
				);
				PREBINDING = NO;
				SDKROOT = /Developer/SDKs/MacOSX10.4u.sdk;
			};
			name = Debug;
		};
		C01FCF5008A954540054247B /* Release */ = {
			isa = XCBuildConfiguration;
			buildSettings = {
				ARCHS = "$(ARCHS_STANDARD_32_BIT_PRE_XCODE_3_1)";
				ARCHS_STANDARD_32_BIT_PRE_XCODE_3_1 = "ppc i386";
				FRAMEWORK_SEARCH_PATHS = (
					"$(HOME)/Library/Frameworks",
					/Library/Frameworks,
					"$(FRAMEWORK_SEARCH_PATHS)",
				);
				GCC_VERSION = 4.0;
				GCC_WARN_ABOUT_RETURN_TYPE = YES;
				GCC_WARN_UNUSED_VARIABLE = YES;
				HEADER_SEARCH_PATHS = (
					"$(HOME)/Library/Frameworks/SDL.framework/Headers",
					/Library/Frameworks/SDL.framework/Headers,
					"$(HEADER_SEARCH_PATHS)",
				);
				PREBINDING = NO;
				SDKROOT = /Developer/SDKs/MacOSX10.4u.sdk;
			};
			name = Release;
		};
/* End XCBuildConfiguration section */

/* Begin XCConfigurationList section */
		C01FCF4A08A954540054247B /* Build configuration list for PBXNativeTarget "SDL OpenGL" */ = {
			isa = XCConfigurationList;
			buildConfigurations = (
				C01FCF4B08A954540054247B /* Debug */,
				C01FCF4C08A954540054247B /* Release */,
			);
			defaultConfigurationIsVisible = 0;
			defaultConfigurationName = Release;
		};
		C01FCF4E08A954540054247B /* Build configuration list for PBXProject "SDL OpenGL" */ = {
			isa = XCConfigurationList;
			buildConfigurations = (
				C01FCF4F08A954540054247B /* Debug */,
				C01FCF5008A954540054247B /* Release */,
			);
			defaultConfigurationIsVisible = 0;
			defaultConfigurationName = Release;
		};
/* End XCConfigurationList section */
	};
	rootObject = 29B97313FDCFA39411CA2CEA /* Project object */;
}
